
Microsoft Visual Studio Solution File, Format Version 12.00
# Visual Studio Version 17
VisualStudioVersion = 17.8.34330.188
MinimumVisualStudioVersion = 10.0.40219.1
Project("{FAE04EC0-301F-11D3-BF4B-00C04F79EFBC}") = "UyenEdu", "UyenEdu\UyenEdu.csproj", "{34D6DAFA-52C3-47DA-903A-06F22841C13E}"
EndProject
Project("{FAE04EC0-301F-11D3-BF4B-00C04F79EFBC}") = "UyenEdu.Infrastructure", "UyenEdu.Infrastructure\UyenEdu.Infrastructure.csproj", "{F3CFB74F-6EA7-44BA-9E4D-CEC174CD983A}"
EndProject
Project("{FAE04EC0-301F-11D3-BF4B-00C04F79EFBC}") = "UyenEdu.Utilities", "UyenEdu.Utilities\UyenEdu.Utilities.csproj", "{24067F6B-5823-4D1B-810B-E030FD2DC483}"
EndProject
Project("{FAE04EC0-301F-11D3-BF4B-00C04F79EFBC}") = "UyenEdu.Data", "UyenEdu.Data\UyenEdu.Data.csproj", "{E7727EC3-36C6-4DD1-829F-72AF2B3967D7}"
EndProject
Project("{FAE04EC0-301F-11D3-BF4B-00C04F79EFBC}") = "UyenEdu.Data.EF", "UyenEdu.Data.EF\UyenEdu.Data.EF.csproj", "{9807E343-1046-4720-A7CE-961E58796583}"
EndProject
Project("{FAE04EC0-301F-11D3-BF4B-00C04F79EFBC}") = "UyenEdu.Application", "UyenEdu.Application\UyenEdu.Application.csproj", "{76B7013A-01CD-4D4E-9C91-C68FA7EEB607}"
EndProject
Project("{2150E333-8FDC-42A3-9474-1A3956D46DE8}") = "1 - Presentation", "1 - Presentation", "{FDA0AFC8-C9F1-4D2C-ACC7-98D3E54E0D03}"
EndProject
Project("{2150E333-8FDC-42A3-9474-1A3956D46DE8}") = "2 - Application", "2 - Application", "{F36583F7-B15F-4482-A340-CEF229837D8B}"
EndProject
Project("{2150E333-8FDC-42A3-9474-1A3956D46DE8}") = "3 - Domain", "3 - Domain", "{4FB3CA1F-8166-4783-AEC3-BBEB865AF500}"
EndProject
Project("{2150E333-8FDC-42A3-9474-1A3956D46DE8}") = "4 - Infrastructure", "4 - Infrastructure", "{C117263F-F758-4152-8CA4-2C1289D3E8F9}"
EndProject
Global
	GlobalSection(SolutionConfigurationPlatforms) = preSolution
		Debug|Any CPU = Debug|Any CPU
		Release|Any CPU = Release|Any CPU
	EndGlobalSection
	GlobalSection(ProjectConfigurationPlatforms) = postSolution
		{34D6DAFA-52C3-47DA-903A-06F22841C13E}.Debug|Any CPU.ActiveCfg = Debug|Any CPU
		{34D6DAFA-52C3-47DA-903A-06F22841C13E}.Debug|Any CPU.Build.0 = Debug|Any CPU
		{34D6DAFA-52C3-47DA-903A-06F22841C13E}.Release|Any CPU.ActiveCfg = Release|Any CPU
		{34D6DAFA-52C3-47DA-903A-06F22841C13E}.Release|Any CPU.Build.0 = Release|Any CPU
		{F3CFB74F-6EA7-44BA-9E4D-CEC174CD983A}.Debug|Any CPU.ActiveCfg = Debug|Any CPU
		{F3CFB74F-6EA7-44BA-9E4D-CEC174CD983A}.Debug|Any CPU.Build.0 = Debug|Any CPU
		{F3CFB74F-6EA7-44BA-9E4D-CEC174CD983A}.Release|Any CPU.ActiveCfg = Release|Any CPU
		{F3CFB74F-6EA7-44BA-9E4D-CEC174CD983A}.Release|Any CPU.Build.0 = Release|Any CPU
		{24067F6B-5823-4D1B-810B-E030FD2DC483}.Debug|Any CPU.ActiveCfg = Debug|Any CPU
		{24067F6B-5823-4D1B-810B-E030FD2DC483}.Debug|Any CPU.Build.0 = Debug|Any CPU
		{24067F6B-5823-4D1B-810B-E030FD2DC483}.Release|Any CPU.ActiveCfg = Release|Any CPU
		{24067F6B-5823-4D1B-810B-E030FD2DC483}.Release|Any CPU.Build.0 = Release|Any CPU
		{E7727EC3-36C6-4DD1-829F-72AF2B3967D7}.Debug|Any CPU.ActiveCfg = Debug|Any CPU
		{E7727EC3-36C6-4DD1-829F-72AF2B3967D7}.Debug|Any CPU.Build.0 = Debug|Any CPU
		{E7727EC3-36C6-4DD1-829F-72AF2B3967D7}.Release|Any CPU.ActiveCfg = Release|Any CPU
		{E7727EC3-36C6-4DD1-829F-72AF2B3967D7}.Release|Any CPU.Build.0 = Release|Any CPU
		{9807E343-1046-4720-A7CE-961E58796583}.Debug|Any CPU.ActiveCfg = Debug|Any CPU
		{9807E343-1046-4720-A7CE-961E58796583}.Debug|Any CPU.Build.0 = Debug|Any CPU
		{9807E343-1046-4720-A7CE-961E58796583}.Release|Any CPU.ActiveCfg = Release|Any CPU
		{9807E343-1046-4720-A7CE-961E58796583}.Release|Any CPU.Build.0 = Release|Any CPU
		{76B7013A-01CD-4D4E-9C91-C68FA7EEB607}.Debug|Any CPU.ActiveCfg = Debug|Any CPU
		{76B7013A-01CD-4D4E-9C91-C68FA7EEB607}.Debug|Any CPU.Build.0 = Debug|Any CPU
		{76B7013A-01CD-4D4E-9C91-C68FA7EEB607}.Release|Any CPU.ActiveCfg = Release|Any CPU
		{76B7013A-01CD-4D4E-9C91-C68FA7EEB607}.Release|Any CPU.Build.0 = Release|Any CPU
	EndGlobalSection
	GlobalSection(SolutionProperties) = preSolution
		HideSolutionNode = FALSE
	EndGlobalSection
	GlobalSection(NestedProjects) = preSolution
		{34D6DAFA-52C3-47DA-903A-06F22841C13E} = {FDA0AFC8-C9F1-4D2C-ACC7-98D3E54E0D03}
		{F3CFB74F-6EA7-44BA-9E4D-CEC174CD983A} = {C117263F-F758-4152-8CA4-2C1289D3E8F9}
		{24067F6B-5823-4D1B-810B-E030FD2DC483} = {C117263F-F758-4152-8CA4-2C1289D3E8F9}
		{E7727EC3-36C6-4DD1-829F-72AF2B3967D7} = {4FB3CA1F-8166-4783-AEC3-BBEB865AF500}
		{9807E343-1046-4720-A7CE-961E58796583} = {4FB3CA1F-8166-4783-AEC3-BBEB865AF500}
		{76B7013A-01CD-4D4E-9C91-C68FA7EEB607} = {F36583F7-B15F-4482-A340-CEF229837D8B}
	EndGlobalSection
	GlobalSection(ExtensibilityGlobals) = postSolution
		SolutionGuid = {F39F121D-BEAB-4707-A93D-7F360140092A}
	EndGlobalSection
EndGlobal
