
Microsoft Visual Studio Solution File, Format Version 12.00
# Visual Studio Version 17
VisualStudioVersion = 17.8.34330.188
MinimumVisualStudioVersion = 10.0.40219.1
Project("{FAE04EC0-301F-11D3-BF4B-00C04F79EFBC}") = "UyenEdu", "UyenEdu\UyenEdu.csproj", "{34D6DAFA-52C3-47DA-903A-06F22841C13E}"
EndProject
Global
	GlobalSection(SolutionConfigurationPlatforms) = preSolution
		Debug|Any CPU = Debug|Any CPU
		Release|Any CPU = Release|Any CPU
	EndGlobalSection
	GlobalSection(ProjectConfigurationPlatforms) = postSolution
		{34D6DAFA-52C3-47DA-903A-06F22841C13E}.Debug|Any CPU.ActiveCfg = Debug|Any CPU
		{34D6DAFA-52C3-47DA-903A-06F22841C13E}.Debug|Any CPU.Build.0 = Debug|Any CPU
		{34D6DAFA-52C3-47DA-903A-06F22841C13E}.Release|Any CPU.ActiveCfg = Release|Any CPU
		{34D6DAFA-52C3-47DA-903A-06F22841C13E}.Release|Any CPU.Build.0 = Release|Any CPU
	EndGlobalSection
	GlobalSection(SolutionProperties) = preSolution
		HideSolutionNode = FALSE
	EndGlobalSection
	GlobalSection(ExtensibilityGlobals) = postSolution
		SolutionGuid = {F39F121D-BEAB-4707-A93D-7F360140092A}
	EndGlobalSection
EndGlobal
